
Microsoft Visual Studio Solution File, Format Version 12.00
# Visual Studio Version 16
VisualStudioVersion = 16.0.28917.181
MinimumVisualStudioVersion = 10.0.40219.1
Project("{FAE04EC0-301F-11D3-BF4B-00C04F79EFBC}") = "AspNetCoreLocalization", "AspNetCoreLocalization.csproj", "{FBC4B71E-66CC-4621-84FB-5DEA4850E80E}"
EndProject
Global
	GlobalSection(SolutionConfigurationPlatforms) = preSolution
		Debug|Any CPU = Debug|Any CPU
		Release|Any CPU = Release|Any CPU
	EndGlobalSection
	GlobalSection(ProjectConfigurationPlatforms) = postSolution
		{FBC4B71E-66CC-4621-84FB-5DEA4850E80E}.Debug|Any CPU.ActiveCfg = Debug|Any CPU
		{FBC4B71E-66CC-4621-84FB-5DEA4850E80E}.Debug|Any CPU.Build.0 = Debug|Any CPU
		{FBC4B71E-66CC-4621-84FB-5DEA4850E80E}.Release|Any CPU.ActiveCfg = Release|Any CPU
		{FBC4B71E-66CC-4621-84FB-5DEA4850E80E}.Release|Any CPU.Build.0 = Release|Any CPU
	EndGlobalSection
	GlobalSection(SolutionProperties) = preSolution
		HideSolutionNode = FALSE
	EndGlobalSection
	GlobalSection(ExtensibilityGlobals) = postSolution
		SolutionGuid = {FE3C8BF3-1B98-4C1A-8D07-A15AA352B01F}
	EndGlobalSection
EndGlobal
