
Microsoft Visual Studio Solution File, Format Version 12.00
# Visual Studio Version 16
VisualStudioVersion = 16.0.29102.190
MinimumVisualStudioVersion = 10.0.40219.1
Project("{9A19103F-16F7-4668-BE54-9A1E7A4F7556}") = "LearningAppium", "LearningAppium\LearningAppium.csproj", "{DC4F711B-9F50-426E-A9B3-FE52135172F1}"
EndProject
Project("{9A19103F-16F7-4668-BE54-9A1E7A4F7556}") = "Appium.Net", "..\..\..\..\开源项目\appium-dotnet-driver\src\Appium.Net\Appium.Net.csproj", "{DB991334-8643-4141-854D-E022A60A91DE}"
EndProject
Global
	GlobalSection(SolutionConfigurationPlatforms) = preSolution
		Debug|Any CPU = Debug|Any CPU
		Release|Any CPU = Release|Any CPU
	EndGlobalSection
	GlobalSection(ProjectConfigurationPlatforms) = postSolution
		{DC4F711B-9F50-426E-A9B3-FE52135172F1}.Debug|Any CPU.ActiveCfg = Debug|Any CPU
		{DC4F711B-9F50-426E-A9B3-FE52135172F1}.Debug|Any CPU.Build.0 = Debug|Any CPU
		{DC4F711B-9F50-426E-A9B3-FE52135172F1}.Release|Any CPU.ActiveCfg = Release|Any CPU
		{DC4F711B-9F50-426E-A9B3-FE52135172F1}.Release|Any CPU.Build.0 = Release|Any CPU
		{DB991334-8643-4141-854D-E022A60A91DE}.Debug|Any CPU.ActiveCfg = Debug|Any CPU
		{DB991334-8643-4141-854D-E022A60A91DE}.Debug|Any CPU.Build.0 = Debug|Any CPU
		{DB991334-8643-4141-854D-E022A60A91DE}.Release|Any CPU.ActiveCfg = Release|Any CPU
		{DB991334-8643-4141-854D-E022A60A91DE}.Release|Any CPU.Build.0 = Release|Any CPU
	EndGlobalSection
	GlobalSection(SolutionProperties) = preSolution
		HideSolutionNode = FALSE
	EndGlobalSection
	GlobalSection(ExtensibilityGlobals) = postSolution
		SolutionGuid = {BFBA1EC5-9AD5-43C3-A28A-BC5B24E0B875}
	EndGlobalSection
EndGlobal
