
Microsoft Visual Studio Solution File, Format Version 12.00
# Visual Studio 15
VisualStudioVersion = 15.0.28307.572
MinimumVisualStudioVersion = 10.0.40219.1
Project("{FAE04EC0-301F-11D3-BF4B-00C04F79EFBC}") = "LearningPolly", "LearningPolly\LearningPolly.csproj", "{F7E2C61C-5C36-4696-A2CC-52B902555745}"
EndProject
Global
	GlobalSection(SolutionConfigurationPlatforms) = preSolution
		Debug|Any CPU = Debug|Any CPU
		Release|Any CPU = Release|Any CPU
	EndGlobalSection
	GlobalSection(ProjectConfigurationPlatforms) = postSolution
		{F7E2C61C-5C36-4696-A2CC-52B902555745}.Debug|Any CPU.ActiveCfg = Debug|Any CPU
		{F7E2C61C-5C36-4696-A2CC-52B902555745}.Debug|Any CPU.Build.0 = Debug|Any CPU
		{F7E2C61C-5C36-4696-A2CC-52B902555745}.Release|Any CPU.ActiveCfg = Release|Any CPU
		{F7E2C61C-5C36-4696-A2CC-52B902555745}.Release|Any CPU.Build.0 = Release|Any CPU
	EndGlobalSection
	GlobalSection(SolutionProperties) = preSolution
		HideSolutionNode = FALSE
	EndGlobalSection
	GlobalSection(ExtensibilityGlobals) = postSolution
		SolutionGuid = {1FB666F5-3C6C-429C-AF09-28C0ED27E561}
	EndGlobalSection
EndGlobal
