
Microsoft Visual Studio Solution File, Format Version 12.00
# Visual Studio Version 16
VisualStudioVersion = 16.0.29102.190
MinimumVisualStudioVersion = 10.0.40219.1
Project("{FAE04EC0-301F-11D3-BF4B-00C04F79EFBC}") = "LearningQuartz", "LearningQuartz\LearningQuartz.csproj", "{FD935EC5-B191-4F8F-BD29-801CE1B12E4B}"
EndProject
Global
	GlobalSection(SolutionConfigurationPlatforms) = preSolution
		Debug|Any CPU = Debug|Any CPU
		Release|Any CPU = Release|Any CPU
	EndGlobalSection
	GlobalSection(ProjectConfigurationPlatforms) = postSolution
		{FD935EC5-B191-4F8F-BD29-801CE1B12E4B}.Debug|Any CPU.ActiveCfg = Debug|Any CPU
		{FD935EC5-B191-4F8F-BD29-801CE1B12E4B}.Debug|Any CPU.Build.0 = Debug|Any CPU
		{FD935EC5-B191-4F8F-BD29-801CE1B12E4B}.Release|Any CPU.ActiveCfg = Release|Any CPU
		{FD935EC5-B191-4F8F-BD29-801CE1B12E4B}.Release|Any CPU.Build.0 = Release|Any CPU
	EndGlobalSection
	GlobalSection(SolutionProperties) = preSolution
		HideSolutionNode = FALSE
	EndGlobalSection
	GlobalSection(ExtensibilityGlobals) = postSolution
		SolutionGuid = {1F43A9FA-32C0-4FDA-A5F3-83B3A4AE825A}
	EndGlobalSection
EndGlobal
