
Microsoft Visual Studio Solution File, Format Version 12.00
# Visual Studio Version 16
VisualStudioVersion = 16.0.28803.452
MinimumVisualStudioVersion = 10.0.40219.1
Project("{FAE04EC0-301F-11D3-BF4B-00C04F79EFBC}") = "KillCpuTimeEqZero", "KillCpuTimeEqZore\KillCpuTimeEqZero.csproj", "{1FE170C3-9678-4705-A6BD-F9D8712CFA74}"
EndProject
Global
	GlobalSection(SolutionConfigurationPlatforms) = preSolution
		Debug|Any CPU = Debug|Any CPU
		Release|Any CPU = Release|Any CPU
	EndGlobalSection
	GlobalSection(ProjectConfigurationPlatforms) = postSolution
		{1FE170C3-9678-4705-A6BD-F9D8712CFA74}.Debug|Any CPU.ActiveCfg = Debug|Any CPU
		{1FE170C3-9678-4705-A6BD-F9D8712CFA74}.Debug|Any CPU.Build.0 = Debug|Any CPU
		{1FE170C3-9678-4705-A6BD-F9D8712CFA74}.Release|Any CPU.ActiveCfg = Release|Any CPU
		{1FE170C3-9678-4705-A6BD-F9D8712CFA74}.Release|Any CPU.Build.0 = Release|Any CPU
	EndGlobalSection
	GlobalSection(SolutionProperties) = preSolution
		HideSolutionNode = FALSE
	EndGlobalSection
	GlobalSection(ExtensibilityGlobals) = postSolution
		SolutionGuid = {CE47B387-A7B6-408A-9CDA-7AA0F5C7A6A3}
	EndGlobalSection
EndGlobal
