
Microsoft Visual Studio Solution File, Format Version 12.00
# Visual Studio 15
VisualStudioVersion = 15.0.28307.572
MinimumVisualStudioVersion = 10.0.40219.1
Project("{FAE04EC0-301F-11D3-BF4B-00C04F79EFBC}") = "LearningRx", "LearningRx\LearningRx.csproj", "{3AAF8965-7793-416A-A53A-70FF5343A931}"
EndProject
Global
	GlobalSection(SolutionConfigurationPlatforms) = preSolution
		Debug|Any CPU = Debug|Any CPU
		Release|Any CPU = Release|Any CPU
	EndGlobalSection
	GlobalSection(ProjectConfigurationPlatforms) = postSolution
		{3AAF8965-7793-416A-A53A-70FF5343A931}.Debug|Any CPU.ActiveCfg = Debug|Any CPU
		{3AAF8965-7793-416A-A53A-70FF5343A931}.Debug|Any CPU.Build.0 = Debug|Any CPU
		{3AAF8965-7793-416A-A53A-70FF5343A931}.Release|Any CPU.ActiveCfg = Release|Any CPU
		{3AAF8965-7793-416A-A53A-70FF5343A931}.Release|Any CPU.Build.0 = Release|Any CPU
	EndGlobalSection
	GlobalSection(SolutionProperties) = preSolution
		HideSolutionNode = FALSE
	EndGlobalSection
	GlobalSection(ExtensibilityGlobals) = postSolution
		SolutionGuid = {1B77B3D1-8E6E-4E48-A5E2-3AA2D23D6012}
	EndGlobalSection
EndGlobal
