
Microsoft Visual Studio Solution File, Format Version 12.00
# Visual Studio Version 16
VisualStudioVersion = 16.0.29102.190
MinimumVisualStudioVersion = 10.0.40219.1
Project("{9A19103F-16F7-4668-BE54-9A1E7A4F7556}") = "LearningReactSpa", "LearningReactSpa.csproj", "{95BA48CD-A250-4262-A64D-F6119CF4DDDF}"
EndProject
Global
	GlobalSection(SolutionConfigurationPlatforms) = preSolution
		Debug|Any CPU = Debug|Any CPU
		Release|Any CPU = Release|Any CPU
	EndGlobalSection
	GlobalSection(ProjectConfigurationPlatforms) = postSolution
		{95BA48CD-A250-4262-A64D-F6119CF4DDDF}.Debug|Any CPU.ActiveCfg = Debug|Any CPU
		{95BA48CD-A250-4262-A64D-F6119CF4DDDF}.Debug|Any CPU.Build.0 = Debug|Any CPU
		{95BA48CD-A250-4262-A64D-F6119CF4DDDF}.Release|Any CPU.ActiveCfg = Release|Any CPU
		{95BA48CD-A250-4262-A64D-F6119CF4DDDF}.Release|Any CPU.Build.0 = Release|Any CPU
	EndGlobalSection
	GlobalSection(SolutionProperties) = preSolution
		HideSolutionNode = FALSE
	EndGlobalSection
	GlobalSection(ExtensibilityGlobals) = postSolution
		SolutionGuid = {5F1573CD-9551-4D97-A999-6E4973F25FDE}
	EndGlobalSection
EndGlobal
